// !$*UTF8*$!
{
	archiveVersion = 1;
	classes = {
	};
	objectVersion = 50;
	objects = {

/* Begin PBXBuildFile section */
		EFA389E52545D8BB008574B7 /* MissionMoonApp.swift in Sources */ = {isa = PBXBuildFile; fileRef = EFA389E42545D8BB008574B7 /* MissionMoonApp.swift */; };
		EFA389E72545D8BB008574B7 /* ContentView.swift in Sources */ = {isa = PBXBuildFile; fileRef = EFA389E62545D8BB008574B7 /* ContentView.swift */; };
		EFA389E92545D8BD008574B7 /* Assets.xcassets in Resources */ = {isa = PBXBuildFile; fileRef = EFA389E82545D8BD008574B7 /* Assets.xcassets */; };
		EFA389EC2545D8BD008574B7 /* Preview Assets.xcassets in Resources */ = {isa = PBXBuildFile; fileRef = EFA389EB2545D8BD008574B7 /* Preview Assets.xcassets */; };
		EFA389F62545FC88008574B7 /* astronauts.json in Resources */ = {isa = PBXBuildFile; fileRef = EFA389F42545FC88008574B7 /* astronauts.json */; };
		EFA389F72545FC88008574B7 /* missions.json in Resources */ = {isa = PBXBuildFile; fileRef = EFA389F52545FC88008574B7 /* missions.json */; };
		EFA389FA2545FCCD008574B7 /* Astronaut.swift in Sources */ = {isa = PBXBuildFile; fileRef = EFA389F92545FCCD008574B7 /* Astronaut.swift */; };
		EFA389FD2545FD08008574B7 /* Bundle-Decodable.swift in Sources */ = {isa = PBXBuildFile; fileRef = EFA389FC2545FD08008574B7 /* Bundle-Decodable.swift */; };
		EFA38A002545FEFC008574B7 /* Mission.swift in Sources */ = {isa = PBXBuildFile; fileRef = EFA389FF2545FEFC008574B7 /* Mission.swift */; };
		EFA38A032546061B008574B7 /* MissionView.swift in Sources */ = {isa = PBXBuildFile; fileRef = EFA38A022546061B008574B7 /* MissionView.swift */; };
		EFA38A0625460BCB008574B7 /* AstronautView.swift in Sources */ = {isa = PBXBuildFile; fileRef = EFA38A0525460BCB008574B7 /* AstronautView.swift */; };
		EFA38A0D254619EB008574B7 /* CrewMember.swift in Sources */ = {isa = PBXBuildFile; fileRef = EFA38A0C254619EB008574B7 /* CrewMember.swift */; };
/* End PBXBuildFile section */

/* Begin PBXFileReference section */
		EFA389E12545D8BB008574B7 /* MissionMoon.app */ = {isa = PBXFileReference; explicitFileType = wrapper.application; includeInIndex = 0; path = MissionMoon.app; sourceTree = BUILT_PRODUCTS_DIR; };
		EFA389E42545D8BB008574B7 /* MissionMoonApp.swift */ = {isa = PBXFileReference; lastKnownFileType = sourcecode.swift; path = MissionMoonApp.swift; sourceTree = "<group>"; };
		EFA389E62545D8BB008574B7 /* ContentView.swift */ = {isa = PBXFileReference; lastKnownFileType = sourcecode.swift; path = ContentView.swift; sourceTree = "<group>"; };
		EFA389E82545D8BD008574B7 /* Assets.xcassets */ = {isa = PBXFileReference; lastKnownFileType = folder.assetcatalog; path = Assets.xcassets; sourceTree = "<group>"; };
		EFA389EB2545D8BD008574B7 /* Preview Assets.xcassets */ = {isa = PBXFileReference; lastKnownFileType = folder.assetcatalog; path = "Preview Assets.xcassets"; sourceTree = "<group>"; };
		EFA389ED2545D8BD008574B7 /* Info.plist */ = {isa = PBXFileReference; lastKnownFileType = text.plist.xml; path = Info.plist; sourceTree = "<group>"; };
		EFA389F42545FC88008574B7 /* astronauts.json */ = {isa = PBXFileReference; fileEncoding = 4; lastKnownFileType = text.json; path = astronauts.json; sourceTree = "<group>"; };
		EFA389F52545FC88008574B7 /* missions.json */ = {isa = PBXFileReference; fileEncoding = 4; lastKnownFileType = text.json; path = missions.json; sourceTree = "<group>"; };
		EFA389F92545FCCD008574B7 /* Astronaut.swift */ = {isa = PBXFileReference; lastKnownFileType = sourcecode.swift; path = Astronaut.swift; sourceTree = "<group>"; };
		EFA389FC2545FD08008574B7 /* Bundle-Decodable.swift */ = {isa = PBXFileReference; lastKnownFileType = sourcecode.swift; path = "Bundle-Decodable.swift"; sourceTree = "<group>"; };
		EFA389FF2545FEFC008574B7 /* Mission.swift */ = {isa = PBXFileReference; lastKnownFileType = sourcecode.swift; path = Mission.swift; sourceTree = "<group>"; };
		EFA38A022546061B008574B7 /* MissionView.swift */ = {isa = PBXFileReference; lastKnownFileType = sourcecode.swift; path = MissionView.swift; sourceTree = "<group>"; };
		EFA38A0525460BCB008574B7 /* AstronautView.swift */ = {isa = PBXFileReference; lastKnownFileType = sourcecode.swift; path = AstronautView.swift; sourceTree = "<group>"; };
		EFA38A0C254619EB008574B7 /* CrewMember.swift */ = {isa = PBXFileReference; lastKnownFileType = sourcecode.swift; path = CrewMember.swift; sourceTree = "<group>"; };
/* End PBXFileReference section */

/* Begin PBXFrameworksBuildPhase section */
		EFA389DE2545D8BB008574B7 /* Frameworks */ = {
			isa = PBXFrameworksBuildPhase;
			buildActionMask = 2147483647;
			files = (
			);
			runOnlyForDeploymentPostprocessing = 0;
		};
/* End PBXFrameworksBuildPhase section */

/* Begin PBXGroup section */
		EFA389D82545D8BB008574B7 = {
			isa = PBXGroup;
			children = (
				EFA389E32545D8BB008574B7 /* MissionMoon */,
				EFA389E22545D8BB008574B7 /* Products */,
			);
			sourceTree = "<group>";
		};
		EFA389E22545D8BB008574B7 /* Products */ = {
			isa = PBXGroup;
			children = (
				EFA389E12545D8BB008574B7 /* MissionMoon.app */,
			);
			name = Products;
			sourceTree = "<group>";
		};
		EFA389E32545D8BB008574B7 /* MissionMoon */ = {
			isa = PBXGroup;
			children = (
				EFA389E42545D8BB008574B7 /* MissionMoonApp.swift */,
				EFA38A08254613E7008574B7 /* View */,
				EFA38A0A2546173A008574B7 /* Model */,
				EFA389FC2545FD08008574B7 /* Bundle-Decodable.swift */,
				EFA389E82545D8BD008574B7 /* Assets.xcassets */,
				EFA389ED2545D8BD008574B7 /* Info.plist */,
				EFA389F42545FC88008574B7 /* astronauts.json */,
				EFA389F52545FC88008574B7 /* missions.json */,
				EFA389EA2545D8BD008574B7 /* Preview Content */,
			);
			path = MissionMoon;
			sourceTree = "<group>";
		};
		EFA389EA2545D8BD008574B7 /* Preview Content */ = {
			isa = PBXGroup;
			children = (
				EFA389EB2545D8BD008574B7 /* Preview Assets.xcassets */,
			);
			path = "Preview Content";
			sourceTree = "<group>";
		};
		EFA38A08254613E7008574B7 /* View */ = {
			isa = PBXGroup;
			children = (
				EFA389E62545D8BB008574B7 /* ContentView.swift */,
				EFA38A022546061B008574B7 /* MissionView.swift */,
				EFA38A0525460BCB008574B7 /* AstronautView.swift */,
			);
			path = View;
			sourceTree = "<group>";
		};
		EFA38A0A2546173A008574B7 /* Model */ = {
			isa = PBXGroup;
			children = (
				EFA389F92545FCCD008574B7 /* Astronaut.swift */,
				EFA389FF2545FEFC008574B7 /* Mission.swift */,
				EFA38A0C254619EB008574B7 /* CrewMember.swift */,
			);
			path = Model;
			sourceTree = "<group>";
		};
/* End PBXGroup section */

/* Begin PBXNativeTarget section */
		EFA389E02545D8BB008574B7 /* MissionMoon */ = {
			isa = PBXNativeTarget;
			buildConfigurationList = EFA389F02545D8BD008574B7 /* Build configuration list for PBXNativeTarget "MissionMoon" */;
			buildPhases = (
				EFA389DD2545D8BB008574B7 /* Sources */,
				EFA389DE2545D8BB008574B7 /* Frameworks */,
				EFA389DF2545D8BB008574B7 /* Resources */,
			);
			buildRules = (
			);
			dependencies = (
			);
			name = MissionMoon;
			productName = MissionMoon;
			productReference = EFA389E12545D8BB008574B7 /* MissionMoon.app */;
			productType = "com.apple.product-type.application";
		};
/* End PBXNativeTarget section */

/* Begin PBXProject section */
		EFA389D92545D8BB008574B7 /* Project object */ = {
			isa = PBXProject;
			attributes = {
				LastSwiftUpdateCheck = 1200;
				LastUpgradeCheck = 1200;
				TargetAttributes = {
					EFA389E02545D8BB008574B7 = {
						CreatedOnToolsVersion = 12.0.1;
					};
				};
			};
			buildConfigurationList = EFA389DC2545D8BB008574B7 /* Build configuration list for PBXProject "MissionMoon" */;
			compatibilityVersion = "Xcode 9.3";
			developmentRegion = en;
			hasScannedForEncodings = 0;
			knownRegions = (
				en,
				Base,
			);
			mainGroup = EFA389D82545D8BB008574B7;
			productRefGroup = EFA389E22545D8BB008574B7 /* Products */;
			projectDirPath = "";
			projectRoot = "";
			targets = (
				EFA389E02545D8BB008574B7 /* MissionMoon */,
			);
		};
/* End PBXProject section */

/* Begin PBXResourcesBuildPhase section */
		EFA389DF2545D8BB008574B7 /* Resources */ = {
			isa = PBXResourcesBuildPhase;
			buildActionMask = 2147483647;
			files = (
				EFA389F62545FC88008574B7 /* astronauts.json in Resources */,
				EFA389EC2545D8BD008574B7 /* Preview Assets.xcassets in Resources */,
				EFA389F72545FC88008574B7 /* missions.json in Resources */,
				EFA389E92545D8BD008574B7 /* Assets.xcassets in Resources */,
			);
			runOnlyForDeploymentPostprocessing = 0;
		};
/* End PBXResourcesBuildPhase section */

/* Begin PBXSourcesBuildPhase section */
		EFA389DD2545D8BB008574B7 /* Sources */ = {
			isa = PBXSourcesBuildPhase;
			buildActionMask = 2147483647;
			files = (
				EFA38A0625460BCB008574B7 /* AstronautView.swift in Sources */,
				EFA389FA2545FCCD008574B7 /* Astronaut.swift in Sources */,
				EFA389E72545D8BB008574B7 /* ContentView.swift in Sources */,
				EFA389E52545D8BB008574B7 /* MissionMoonApp.swift in Sources */,
				EFA38A0D254619EB008574B7 /* CrewMember.swift in Sources */,
				EFA38A002545FEFC008574B7 /* Mission.swift in Sources */,
				EFA389FD2545FD08008574B7 /* Bundle-Decodable.swift in Sources */,
				EFA38A032546061B008574B7 /* MissionView.swift in Sources */,
			);
			runOnlyForDeploymentPostprocessing = 0;
		};
/* End PBXSourcesBuildPhase section */

/* Begin XCBuildConfiguration section */
		EFA389EE2545D8BD008574B7 /* Debug */ = {
			isa = XCBuildConfiguration;
			buildSettings = {
				ALWAYS_SEARCH_USER_PATHS = NO;
				CLANG_ANALYZER_NONNULL = YES;
				CLANG_ANALYZER_NUMBER_OBJECT_CONVERSION = YES_AGGRESSIVE;
				CLANG_CXX_LANGUAGE_STANDARD = "gnu++14";
				CLANG_CXX_LIBRARY = "libc++";
				CLANG_ENABLE_MODULES = YES;
				CLANG_ENABLE_OBJC_ARC = YES;
				CLANG_ENABLE_OBJC_WEAK = YES;
				CLANG_WARN_BLOCK_CAPTURE_AUTORELEASING = YES;
				CLANG_WARN_BOOL_CONVERSION = YES;
				CLANG_WARN_COMMA = YES;
				CLANG_WARN_CONSTANT_CONVERSION = YES;
				CLANG_WARN_DEPRECATED_OBJC_IMPLEMENTATIONS = YES;
				CLANG_WARN_DIRECT_OBJC_ISA_USAGE = YES_ERROR;
				CLANG_WARN_DOCUMENTATION_COMMENTS = YES;
				CLANG_WARN_EMPTY_BODY = YES;
				CLANG_WARN_ENUM_CONVERSION = YES;
				CLANG_WARN_INFINITE_RECURSION = YES;
				CLANG_WARN_INT_CONVERSION = YES;
				CLANG_WARN_NON_LITERAL_NULL_CONVERSION = YES;
				CLANG_WARN_OBJC_IMPLICIT_RETAIN_SELF = YES;
				CLANG_WARN_OBJC_LITERAL_CONVERSION = YES;
				CLANG_WARN_OBJC_ROOT_CLASS = YES_ERROR;
				CLANG_WARN_QUOTED_INCLUDE_IN_FRAMEWORK_HEADER = YES;
				CLANG_WARN_RANGE_LOOP_ANALYSIS = YES;
				CLANG_WARN_STRICT_PROTOTYPES = YES;
				CLANG_WARN_SUSPICIOUS_MOVE = YES;
				CLANG_WARN_UNGUARDED_AVAILABILITY = YES_AGGRESSIVE;
				CLANG_WARN_UNREACHABLE_CODE = YES;
				CLANG_WARN__DUPLICATE_METHOD_MATCH = YES;
				COPY_PHASE_STRIP = NO;
				DEBUG_INFORMATION_FORMAT = dwarf;
				ENABLE_STRICT_OBJC_MSGSEND = YES;
				ENABLE_TESTABILITY = YES;
				GCC_C_LANGUAGE_STANDARD = gnu11;
				GCC_DYNAMIC_NO_PIC = NO;
				GCC_NO_COMMON_BLOCKS = YES;
				GCC_OPTIMIZATION_LEVEL = 0;
				GCC_PREPROCESSOR_DEFINITIONS = (
					"DEBUG=1",
					"$(inherited)",
				);
				GCC_WARN_64_TO_32_BIT_CONVERSION = YES;
				GCC_WARN_ABOUT_RETURN_TYPE = YES_ERROR;
				GCC_WARN_UNDECLARED_SELECTOR = YES;
				GCC_WARN_UNINITIALIZED_AUTOS = YES_AGGRESSIVE;
				GCC_WARN_UNUSED_FUNCTION = YES;
				GCC_WARN_UNUSED_VARIABLE = YES;
				IPHONEOS_DEPLOYMENT_TARGET = 14.0;
				MTL_ENABLE_DEBUG_INFO = INCLUDE_SOURCE;
				MTL_FAST_MATH = YES;
				ONLY_ACTIVE_ARCH = YES;
				SDKROOT = iphoneos;
				SWIFT_ACTIVE_COMPILATION_CONDITIONS = DEBUG;
				SWIFT_OPTIMIZATION_LEVEL = "-Onone";
			};
			name = Debug;
		};
		EFA389EF2545D8BD008574B7 /* Release */ = {
			isa = XCBuildConfiguration;
			buildSettings = {
				ALWAYS_SEARCH_USER_PATHS = NO;
				CLANG_ANALYZER_NONNULL = YES;
				CLANG_ANALYZER_NUMBER_OBJECT_CONVERSION = YES_AGGRESSIVE;
				CLANG_CXX_LANGUAGE_STANDARD = "gnu++14";
				CLANG_CXX_LIBRARY = "libc++";
				CLANG_ENABLE_MODULES = YES;
				CLANG_ENABLE_OBJC_ARC = YES;
				CLANG_ENABLE_OBJC_WEAK = YES;
				CLANG_WARN_BLOCK_CAPTURE_AUTORELEASING = YES;
				CLANG_WARN_BOOL_CONVERSION = YES;
				CLANG_WARN_COMMA = YES;
				CLANG_WARN_CONSTANT_CONVERSION = YES;
				CLANG_WARN_DEPRECATED_OBJC_IMPLEMENTATIONS = YES;
				CLANG_WARN_DIRECT_OBJC_ISA_USAGE = YES_ERROR;
				CLANG_WARN_DOCUMENTATION_COMMENTS = YES;
				CLANG_WARN_EMPTY_BODY = YES;
				CLANG_WARN_ENUM_CONVERSION = YES;
				CLANG_WARN_INFINITE_RECURSION = YES;
				CLANG_WARN_INT_CONVERSION = YES;
				CLANG_WARN_NON_LITERAL_NULL_CONVERSION = YES;
				CLANG_WARN_OBJC_IMPLICIT_RETAIN_SELF = YES;
				CLANG_WARN_OBJC_LITERAL_CONVERSION = YES;
				CLANG_WARN_OBJC_ROOT_CLASS = YES_ERROR;
				CLANG_WARN_QUOTED_INCLUDE_IN_FRAMEWORK_HEADER = YES;
				CLANG_WARN_RANGE_LOOP_ANALYSIS = YES;
				CLANG_WARN_STRICT_PROTOTYPES = YES;
				CLANG_WARN_SUSPICIOUS_MOVE = YES;
				CLANG_WARN_UNGUARDED_AVAILABILITY = YES_AGGRESSIVE;
				CLANG_WARN_UNREACHABLE_CODE = YES;
				CLANG_WARN__DUPLICATE_METHOD_MATCH = YES;
				COPY_PHASE_STRIP = NO;
				DEBUG_INFORMATION_FORMAT = "dwarf-with-dsym";
				ENABLE_NS_ASSERTIONS = NO;
				ENABLE_STRICT_OBJC_MSGSEND = YES;
				GCC_C_LANGUAGE_STANDARD = gnu11;
				GCC_NO_COMMON_BLOCKS = YES;
				GCC_WARN_64_TO_32_BIT_CONVERSION = YES;
				GCC_WARN_ABOUT_RETURN_TYPE = YES_ERROR;
				GCC_WARN_UNDECLARED_SELECTOR = YES;
				GCC_WARN_UNINITIALIZED_AUTOS = YES_AGGRESSIVE;
				GCC_WARN_UNUSED_FUNCTION = YES;
				GCC_WARN_UNUSED_VARIABLE = YES;
				IPHONEOS_DEPLOYMENT_TARGET = 14.0;
				MTL_ENABLE_DEBUG_INFO = NO;
				MTL_FAST_MATH = YES;
				SDKROOT = iphoneos;
				SWIFT_COMPILATION_MODE = wholemodule;
				SWIFT_OPTIMIZATION_LEVEL = "-O";
				VALIDATE_PRODUCT = YES;
			};
			name = Release;
		};
		EFA389F12545D8BD008574B7 /* Debug */ = {
			isa = XCBuildConfiguration;
			buildSettings = {
				ASSETCATALOG_COMPILER_APPICON_NAME = AppIcon;
				ASSETCATALOG_COMPILER_GLOBAL_ACCENT_COLOR_NAME = AccentColor;
				CODE_SIGN_STYLE = Automatic;
				DEVELOPMENT_ASSET_PATHS = "\"MissionMoon/Preview Content\"";
				DEVELOPMENT_TEAM = MR4FP3B2JD;
				ENABLE_PREVIEWS = YES;
				INFOPLIST_FILE = MissionMoon/Info.plist;
				IPHONEOS_DEPLOYMENT_TARGET = 14.0;
				LD_RUNPATH_SEARCH_PATHS = (
					"$(inherited)",
					"@executable_path/Frameworks",
				);
				PRODUCT_BUNDLE_IDENTIFIER = com.metealpk.MissionMoon;
				PRODUCT_NAME = "$(TARGET_NAME)";
				SWIFT_VERSION = 5.0;
				TARGETED_DEVICE_FAMILY = "1,2";
			};
			name = Debug;
		};
		EFA389F22545D8BD008574B7 /* Release */ = {
			isa = XCBuildConfiguration;
			buildSettings = {
				ASSETCATALOG_COMPILER_APPICON_NAME = AppIcon;
				ASSETCATALOG_COMPILER_GLOBAL_ACCENT_COLOR_NAME = AccentColor;
				CODE_SIGN_STYLE = Automatic;
				DEVELOPMENT_ASSET_PATHS = "\"MissionMoon/Preview Content\"";
				DEVELOPMENT_TEAM = MR4FP3B2JD;
				ENABLE_PREVIEWS = YES;
				INFOPLIST_FILE = MissionMoon/Info.plist;
				IPHONEOS_DEPLOYMENT_TARGET = 14.0;
				LD_RUNPATH_SEARCH_PATHS = (
					"$(inherited)",
					"@executable_path/Frameworks",
				);
				PRODUCT_BUNDLE_IDENTIFIER = com.metealpk.MissionMoon;
				PRODUCT_NAME = "$(TARGET_NAME)";
				SWIFT_VERSION = 5.0;
				TARGETED_DEVICE_FAMILY = "1,2";
			};
			name = Release;
		};
/* End XCBuildConfiguration section */

/* Begin XCConfigurationList section */
		EFA389DC2545D8BB008574B7 /* Build configuration list for PBXProject "MissionMoon" */ = {
			isa = XCConfigurationList;
			buildConfigurations = (
				EFA389EE2545D8BD008574B7 /* Debug */,
				EFA389EF2545D8BD008574B7 /* Release */,
			);
			defaultConfigurationIsVisible = 0;
			defaultConfigurationName = Release;
		};
		EFA389F02545D8BD008574B7 /* Build configuration list for PBXNativeTarget "MissionMoon" */ = {
			isa = XCConfigurationList;
			buildConfigurations = (
				EFA389F12545D8BD008574B7 /* Debug */,
				EFA389F22545D8BD008574B7 /* Release */,
			);
			defaultConfigurationIsVisible = 0;
			defaultConfigurationName = Release;
		};
/* End XCConfigurationList section */
	};
	rootObject = EFA389D92545D8BB008574B7 /* Project object */;
}
